{
  "pins" : [
    {
      "identity" : "lottie-ios",
      "kind" : "remoteSourceControl",
      "location" : "https://github.com/airbnb/lottie-ios.git",
      "state" : {
        "revision" : "4a6058cbbdfe4f74aeae92c8bd51ad3b0de2a1ee",
        "version" : "3.3.0"
      }
    },
    {
      "identity" : "metrica-sdk-ios",
      "kind" : "remoteSourceControl",
      "location" : "https://github.com/yandexmobile/metrica-sdk-ios",
      "state" : {
        "revision" : "615187c0402709da9e1e3ac5dbbbb70efed3b283",
        "version" : "4.4.0"
      }
    },
    {
      "identity" : "phonenumberkit",
      "kind" : "remoteSourceControl",
      "location" : "https://github.com/marmelroy/PhoneNumberKit.git",
      "state" : {
        "revision" : "8b65e21af5834d12cdf7db8d7a8684ece67fda25",
        "version" : "3.4.8"
      }
    }
  ],
  "version" : 2
}
